
Microsoft Visual Studio Solution File, Format Version 12.00
# Visual Studio Version 16
VisualStudioVersion = 16.0.29326.143
MinimumVisualStudioVersion = 10.0.40219.1
Project("{FAE04EC0-301F-11D3-BF4B-00C04F79EFBC}") = "SortareNume", "SortareNume.csproj", "{02BFAF77-117F-4ED4-8F02-739C9B67645F}"
EndProject
Global
	GlobalSection(SolutionConfigurationPlatforms) = preSolution
		Debug|Any CPU = Debug|Any CPU
		Release|Any CPU = Release|Any CPU
	EndGlobalSection
	GlobalSection(ProjectConfigurationPlatforms) = postSolution
		{02BFAF77-117F-4ED4-8F02-739C9B67645F}.Debug|Any CPU.ActiveCfg = Debug|Any CPU
		{02BFAF77-117F-4ED4-8F02-739C9B67645F}.Debug|Any CPU.Build.0 = Debug|Any CPU
		{02BFAF77-117F-4ED4-8F02-739C9B67645F}.Release|Any CPU.ActiveCfg = Release|Any CPU
		{02BFAF77-117F-4ED4-8F02-739C9B67645F}.Release|Any CPU.Build.0 = Release|Any CPU
	EndGlobalSection
	GlobalSection(SolutionProperties) = preSolution
		HideSolutionNode = FALSE
	EndGlobalSection
	GlobalSection(ExtensibilityGlobals) = postSolution
		SolutionGuid = {9615FC22-FFB0-4208-9A6A-3AB8970E0040}
	EndGlobalSection
EndGlobal
